
Microsoft Visual Studio Solution File, Format Version 12.00
# Visual Studio Version 16
VisualStudioVersion = 16.0.36227.6
MinimumVisualStudioVersion = 10.0.40219.1
Project("{FAE04EC0-301F-11D3-BF4B-00C04F79EFBC}") = "Codechallenge_07", "Codechallenge_07\Codechallenge_07.csproj", "{C44276E0-19D6-4BC9-88D6-72764BAC35BA}"
EndProject
Global
	GlobalSection(SolutionConfigurationPlatforms) = preSolution
		Debug|Any CPU = Debug|Any CPU
		Release|Any CPU = Release|Any CPU
	EndGlobalSection
	GlobalSection(ProjectConfigurationPlatforms) = postSolution
		{C44276E0-19D6-4BC9-88D6-72764BAC35BA}.Debug|Any CPU.ActiveCfg = Debug|Any CPU
		{C44276E0-19D6-4BC9-88D6-72764BAC35BA}.Debug|Any CPU.Build.0 = Debug|Any CPU
		{C44276E0-19D6-4BC9-88D6-72764BAC35BA}.Release|Any CPU.ActiveCfg = Release|Any CPU
		{C44276E0-19D6-4BC9-88D6-72764BAC35BA}.Release|Any CPU.Build.0 = Release|Any CPU
	EndGlobalSection
	GlobalSection(SolutionProperties) = preSolution
		HideSolutionNode = FALSE
	EndGlobalSection
	GlobalSection(ExtensibilityGlobals) = postSolution
		SolutionGuid = {61EF3CBE-9AEE-4D07-8AF6-7AE131FF9435}
	EndGlobalSection
EndGlobal
