
Microsoft Visual Studio Solution File, Format Version 12.00
# SQL Server Management Studio Version 21
VisualStudioVersion = 17.14.36301.6 d17.14
MinimumVisualStudioVersion = 10.0.40219.1
Project("{4F2E2C19-372F-40D8-9FA7-9D2138C6997A}") = "CCA1", "CCA1\CCA1.ssmssqlproj", "{FC62254D-73E7-05AB-FC87-F8EAC050EF78}"
EndProject
Global
	GlobalSection(SolutionConfigurationPlatforms) = preSolution
		Default|Default = Default|Default
	EndGlobalSection
	GlobalSection(ProjectConfigurationPlatforms) = postSolution
		{FC62254D-73E7-05AB-FC87-F8EAC050EF78}.Default|Default.ActiveCfg = Default
		{70EDCC09-C546-422F-92FB-6CBFC6F7C79B}.Default|Default.ActiveCfg = Default
	EndGlobalSection
	GlobalSection(SolutionProperties) = preSolution
		HideSolutionNode = FALSE
	EndGlobalSection
	GlobalSection(ExtensibilityGlobals) = postSolution
		SolutionGuid = {FF49F05E-2166-425D-8D2F-098DFE61D3AD}
	EndGlobalSection
EndGlobal
