
Microsoft Visual Studio Solution File, Format Version 12.00
# Visual Studio Version 16
VisualStudioVersion = 16.0.36227.6
MinimumVisualStudioVersion = 10.0.40219.1
Project("{FAE04EC0-301F-11D3-BF4B-00C04F79EFBC}") = "Electricity_Billing", "Electricity_Billing\Electricity_Billing.csproj", "{0F5130A9-76BB-4134-9C20-B6CAB4F82180}"
EndProject
Project("{FAE04EC0-301F-11D3-BF4B-00C04F79EFBC}") = "ElectricityBillLib", "ElectricityBillLib\ElectricityBillLib.csproj", "{C599A97A-4F0E-491A-8F67-22CFF1E7E8DB}"
EndProject
Global
	GlobalSection(SolutionConfigurationPlatforms) = preSolution
		Debug|Any CPU = Debug|Any CPU
		Release|Any CPU = Release|Any CPU
	EndGlobalSection
	GlobalSection(ProjectConfigurationPlatforms) = postSolution
		{0F5130A9-76BB-4134-9C20-B6CAB4F82180}.Debug|Any CPU.ActiveCfg = Debug|Any CPU
		{0F5130A9-76BB-4134-9C20-B6CAB4F82180}.Debug|Any CPU.Build.0 = Debug|Any CPU
		{0F5130A9-76BB-4134-9C20-B6CAB4F82180}.Release|Any CPU.ActiveCfg = Release|Any CPU
		{0F5130A9-76BB-4134-9C20-B6CAB4F82180}.Release|Any CPU.Build.0 = Release|Any CPU
		{C599A97A-4F0E-491A-8F67-22CFF1E7E8DB}.Debug|Any CPU.ActiveCfg = Debug|Any CPU
		{C599A97A-4F0E-491A-8F67-22CFF1E7E8DB}.Debug|Any CPU.Build.0 = Debug|Any CPU
		{C599A97A-4F0E-491A-8F67-22CFF1E7E8DB}.Release|Any CPU.ActiveCfg = Release|Any CPU
		{C599A97A-4F0E-491A-8F67-22CFF1E7E8DB}.Release|Any CPU.Build.0 = Release|Any CPU
	EndGlobalSection
	GlobalSection(SolutionProperties) = preSolution
		HideSolutionNode = FALSE
	EndGlobalSection
	GlobalSection(ExtensibilityGlobals) = postSolution
		SolutionGuid = {F281BC29-F732-4DA2-88FF-492A9889FCC3}
	EndGlobalSection
EndGlobal
